// !$*UTF8*$!
{
	archiveVersion = 1;
	classes = {
	};
	objectVersion = 56;
	objects = {

/* Begin PBXBuildFile section */
		D9BFD0FA2BB00A590067585F /* User.swift in Sources */ = {isa = PBXBuildFile; fileRef = D9BFD0F92BB00A590067585F /* User.swift */; };
		D9BFD0FD2BB00B340067585F /* SearchBarViewController.swift in Sources */ = {isa = PBXBuildFile; fileRef = D9BFD0FC2BB00B340067585F /* SearchBarViewController.swift */; };
		D9BFD1002BB0116E0067585F /* SearchViewController.swift in Sources */ = {isa = PBXBuildFile; fileRef = D9BFD0FF2BB0116E0067585F /* SearchViewController.swift */; };
		D9BFD1032BB0193A0067585F /* WebViewController.swift in Sources */ = {isa = PBXBuildFile; fileRef = D9BFD1022BB0193A0067585F /* WebViewController.swift */; };
		D9BFD1062BB01D720067585F /* MapViewController.swift in Sources */ = {isa = PBXBuildFile; fileRef = D9BFD1052BB01D720067585F /* MapViewController.swift */; };
		D9BFD1092BB02AE20067585F /* TabBarController.swift in Sources */ = {isa = PBXBuildFile; fileRef = D9BFD1082BB02AE20067585F /* TabBarController.swift */; };
		D9C2610B2BAECB6400E7785E /* AppDelegate.swift in Sources */ = {isa = PBXBuildFile; fileRef = D9C2610A2BAECB6400E7785E /* AppDelegate.swift */; };
		D9C2610D2BAECB6400E7785E /* SceneDelegate.swift in Sources */ = {isa = PBXBuildFile; fileRef = D9C2610C2BAECB6400E7785E /* SceneDelegate.swift */; };
		D9C2610F2BAECB6400E7785E /* ViewController.swift in Sources */ = {isa = PBXBuildFile; fileRef = D9C2610E2BAECB6400E7785E /* ViewController.swift */; };
		D9C261122BAECB6400E7785E /* Main.storyboard in Resources */ = {isa = PBXBuildFile; fileRef = D9C261102BAECB6400E7785E /* Main.storyboard */; };
		D9C261152BAECB6400E7785E /* GetirBasicComponents.xcdatamodeld in Sources */ = {isa = PBXBuildFile; fileRef = D9C261132BAECB6400E7785E /* GetirBasicComponents.xcdatamodeld */; };
		D9C261172BAECB6600E7785E /* Assets.xcassets in Resources */ = {isa = PBXBuildFile; fileRef = D9C261162BAECB6600E7785E /* Assets.xcassets */; };
		D9C2611A2BAECB6600E7785E /* LaunchScreen.storyboard in Resources */ = {isa = PBXBuildFile; fileRef = D9C261182BAECB6600E7785E /* LaunchScreen.storyboard */; };
		D9C261222BAEE11800E7785E /* TableViewController.swift in Sources */ = {isa = PBXBuildFile; fileRef = D9C261212BAEE11800E7785E /* TableViewController.swift */; };
		D9C261252BAEE6ED00E7785E /* City.swift in Sources */ = {isa = PBXBuildFile; fileRef = D9C261242BAEE6ED00E7785E /* City.swift */; };
		D9C261292BAEE8A300E7785E /* CityCellTableViewCell.swift in Sources */ = {isa = PBXBuildFile; fileRef = D9C261272BAEE8A300E7785E /* CityCellTableViewCell.swift */; };
		D9C2612A2BAEE8A300E7785E /* CityCellTableViewCell.xib in Resources */ = {isa = PBXBuildFile; fileRef = D9C261282BAEE8A300E7785E /* CityCellTableViewCell.xib */; };
		D9C2612C2BAEF04900E7785E /* NewsCell.swift in Sources */ = {isa = PBXBuildFile; fileRef = D9C2612B2BAEF04900E7785E /* NewsCell.swift */; };
		D9C2612E2BAEF0B000E7785E /* News.swift in Sources */ = {isa = PBXBuildFile; fileRef = D9C2612D2BAEF0B000E7785E /* News.swift */; };
		D9C261312BAEF12700E7785E /* NewsViewController.swift in Sources */ = {isa = PBXBuildFile; fileRef = D9C261302BAEF12700E7785E /* NewsViewController.swift */; };
		D9C261342BAEF44A00E7785E /* ListenerViewController.swift in Sources */ = {isa = PBXBuildFile; fileRef = D9C261332BAEF44A00E7785E /* ListenerViewController.swift */; };
		D9C261362BAEF45A00E7785E /* SenderViewController.swift in Sources */ = {isa = PBXBuildFile; fileRef = D9C261352BAEF45A00E7785E /* SenderViewController.swift */; };
		D9C261392BAEF7F100E7785E /* NotificationListenerVC.swift in Sources */ = {isa = PBXBuildFile; fileRef = D9C261382BAEF7F100E7785E /* NotificationListenerVC.swift */; };
		D9C2613B2BAEF7FF00E7785E /* NotificationSenderVC.swift in Sources */ = {isa = PBXBuildFile; fileRef = D9C2613A2BAEF7FF00E7785E /* NotificationSenderVC.swift */; };
		D9C2613D2BAEF95800E7785E /* NotificationExtension.swift in Sources */ = {isa = PBXBuildFile; fileRef = D9C2613C2BAEF95800E7785E /* NotificationExtension.swift */; };
/* End PBXBuildFile section */

/* Begin PBXFileReference section */
		D9BFD0F92BB00A590067585F /* User.swift */ = {isa = PBXFileReference; lastKnownFileType = sourcecode.swift; path = User.swift; sourceTree = "<group>"; };
		D9BFD0FC2BB00B340067585F /* SearchBarViewController.swift */ = {isa = PBXFileReference; lastKnownFileType = sourcecode.swift; path = SearchBarViewController.swift; sourceTree = "<group>"; };
		D9BFD0FF2BB0116E0067585F /* SearchViewController.swift */ = {isa = PBXFileReference; lastKnownFileType = sourcecode.swift; path = SearchViewController.swift; sourceTree = "<group>"; };
		D9BFD1022BB0193A0067585F /* WebViewController.swift */ = {isa = PBXFileReference; lastKnownFileType = sourcecode.swift; path = WebViewController.swift; sourceTree = "<group>"; };
		D9BFD1052BB01D720067585F /* MapViewController.swift */ = {isa = PBXFileReference; lastKnownFileType = sourcecode.swift; path = MapViewController.swift; sourceTree = "<group>"; };
		D9BFD1082BB02AE20067585F /* TabBarController.swift */ = {isa = PBXFileReference; lastKnownFileType = sourcecode.swift; path = TabBarController.swift; sourceTree = "<group>"; };
		D9C261072BAECB6400E7785E /* GetirBasicComponents.app */ = {isa = PBXFileReference; explicitFileType = wrapper.application; includeInIndex = 0; path = GetirBasicComponents.app; sourceTree = BUILT_PRODUCTS_DIR; };
		D9C2610A2BAECB6400E7785E /* AppDelegate.swift */ = {isa = PBXFileReference; lastKnownFileType = sourcecode.swift; path = AppDelegate.swift; sourceTree = "<group>"; };
		D9C2610C2BAECB6400E7785E /* SceneDelegate.swift */ = {isa = PBXFileReference; lastKnownFileType = sourcecode.swift; path = SceneDelegate.swift; sourceTree = "<group>"; };
		D9C2610E2BAECB6400E7785E /* ViewController.swift */ = {isa = PBXFileReference; lastKnownFileType = sourcecode.swift; path = ViewController.swift; sourceTree = "<group>"; };
		D9C261112BAECB6400E7785E /* Base */ = {isa = PBXFileReference; lastKnownFileType = file.storyboard; name = Base; path = Base.lproj/Main.storyboard; sourceTree = "<group>"; };
		D9C261142BAECB6400E7785E /* GetirBasicComponents.xcdatamodel */ = {isa = PBXFileReference; lastKnownFileType = wrapper.xcdatamodel; path = GetirBasicComponents.xcdatamodel; sourceTree = "<group>"; };
		D9C261162BAECB6600E7785E /* Assets.xcassets */ = {isa = PBXFileReference; lastKnownFileType = folder.assetcatalog; path = Assets.xcassets; sourceTree = "<group>"; };
		D9C261192BAECB6600E7785E /* Base */ = {isa = PBXFileReference; lastKnownFileType = file.storyboard; name = Base; path = Base.lproj/LaunchScreen.storyboard; sourceTree = "<group>"; };
		D9C2611B2BAECB6600E7785E /* Info.plist */ = {isa = PBXFileReference; lastKnownFileType = text.plist.xml; path = Info.plist; sourceTree = "<group>"; };
		D9C261212BAEE11800E7785E /* TableViewController.swift */ = {isa = PBXFileReference; lastKnownFileType = sourcecode.swift; path = TableViewController.swift; sourceTree = "<group>"; };
		D9C261242BAEE6ED00E7785E /* City.swift */ = {isa = PBXFileReference; lastKnownFileType = sourcecode.swift; path = City.swift; sourceTree = "<group>"; };
		D9C261272BAEE8A300E7785E /* CityCellTableViewCell.swift */ = {isa = PBXFileReference; lastKnownFileType = sourcecode.swift; path = CityCellTableViewCell.swift; sourceTree = "<group>"; };
		D9C261282BAEE8A300E7785E /* CityCellTableViewCell.xib */ = {isa = PBXFileReference; lastKnownFileType = file.xib; path = CityCellTableViewCell.xib; sourceTree = "<group>"; };
		D9C2612B2BAEF04900E7785E /* NewsCell.swift */ = {isa = PBXFileReference; lastKnownFileType = sourcecode.swift; path = NewsCell.swift; sourceTree = "<group>"; };
		D9C2612D2BAEF0B000E7785E /* News.swift */ = {isa = PBXFileReference; lastKnownFileType = sourcecode.swift; path = News.swift; sourceTree = "<group>"; };
		D9C261302BAEF12700E7785E /* NewsViewController.swift */ = {isa = PBXFileReference; lastKnownFileType = sourcecode.swift; path = NewsViewController.swift; sourceTree = "<group>"; };
		D9C261332BAEF44A00E7785E /* ListenerViewController.swift */ = {isa = PBXFileReference; lastKnownFileType = sourcecode.swift; path = ListenerViewController.swift; sourceTree = "<group>"; };
		D9C261352BAEF45A00E7785E /* SenderViewController.swift */ = {isa = PBXFileReference; lastKnownFileType = sourcecode.swift; path = SenderViewController.swift; sourceTree = "<group>"; };
		D9C261382BAEF7F100E7785E /* NotificationListenerVC.swift */ = {isa = PBXFileReference; lastKnownFileType = sourcecode.swift; path = NotificationListenerVC.swift; sourceTree = "<group>"; };
		D9C2613A2BAEF7FF00E7785E /* NotificationSenderVC.swift */ = {isa = PBXFileReference; lastKnownFileType = sourcecode.swift; path = NotificationSenderVC.swift; sourceTree = "<group>"; };
		D9C2613C2BAEF95800E7785E /* NotificationExtension.swift */ = {isa = PBXFileReference; lastKnownFileType = sourcecode.swift; path = NotificationExtension.swift; sourceTree = "<group>"; };
/* End PBXFileReference section */

/* Begin PBXFrameworksBuildPhase section */
		D9C261042BAECB6400E7785E /* Frameworks */ = {
			isa = PBXFrameworksBuildPhase;
			buildActionMask = 2147483647;
			files = (
			);
			runOnlyForDeploymentPostprocessing = 0;
		};
/* End PBXFrameworksBuildPhase section */

/* Begin PBXGroup section */
		D9BFD0FB2BB00B1E0067585F /* SearchBarVC */ = {
			isa = PBXGroup;
			children = (
				D9BFD0FC2BB00B340067585F /* SearchBarViewController.swift */,
			);
			path = SearchBarVC;
			sourceTree = "<group>";
		};
		D9BFD0FE2BB0110C0067585F /* SearchVC */ = {
			isa = PBXGroup;
			children = (
				D9BFD0FF2BB0116E0067585F /* SearchViewController.swift */,
			);
			path = SearchVC;
			sourceTree = "<group>";
		};
		D9BFD1012BB0184A0067585F /* WebView */ = {
			isa = PBXGroup;
			children = (
				D9BFD1022BB0193A0067585F /* WebViewController.swift */,
			);
			path = WebView;
			sourceTree = "<group>";
		};
		D9BFD1042BB01C7E0067585F /* MapView */ = {
			isa = PBXGroup;
			children = (
				D9BFD1052BB01D720067585F /* MapViewController.swift */,
			);
			path = MapView;
			sourceTree = "<group>";
		};
		D9BFD1072BB02AD40067585F /* TabBar */ = {
			isa = PBXGroup;
			children = (
				D9BFD1082BB02AE20067585F /* TabBarController.swift */,
			);
			path = TabBar;
			sourceTree = "<group>";
		};
		D9BFD10A2BB02D250067585F /* New Group */ = {
			isa = PBXGroup;
			children = (
			);
			path = "New Group";
			sourceTree = "<group>";
		};
		D9C260FE2BAECB6400E7785E = {
			isa = PBXGroup;
			children = (
				D9C261092BAECB6400E7785E /* GetirBasicComponents */,
				D9C261082BAECB6400E7785E /* Products */,
			);
			sourceTree = "<group>";
		};
		D9C261082BAECB6400E7785E /* Products */ = {
			isa = PBXGroup;
			children = (
				D9C261072BAECB6400E7785E /* GetirBasicComponents.app */,
			);
			name = Products;
			sourceTree = "<group>";
		};
		D9C261092BAECB6400E7785E /* GetirBasicComponents */ = {
			isa = PBXGroup;
			children = (
				D9BFD10A2BB02D250067585F /* New Group */,
				D9BFD1072BB02AD40067585F /* TabBar */,
				D9BFD1042BB01C7E0067585F /* MapView */,
				D9BFD1012BB0184A0067585F /* WebView */,
				D9BFD0FE2BB0110C0067585F /* SearchVC */,
				D9BFD0FB2BB00B1E0067585F /* SearchBarVC */,
				D9C261372BAEF71A00E7785E /* NotificationCenter */,
				D9C261322BAEF43700E7785E /* Delegate */,
				D9C2612F2BAEF0FE00E7785E /* Controller */,
				D9C261262BAEE88600E7785E /* Cell */,
				D9C261232BAEE6D200E7785E /* Model */,
				D9C2610A2BAECB6400E7785E /* AppDelegate.swift */,
				D9C2610C2BAECB6400E7785E /* SceneDelegate.swift */,
				D9C261102BAECB6400E7785E /* Main.storyboard */,
				D9C261162BAECB6600E7785E /* Assets.xcassets */,
				D9C261182BAECB6600E7785E /* LaunchScreen.storyboard */,
				D9C2611B2BAECB6600E7785E /* Info.plist */,
				D9C261132BAECB6400E7785E /* GetirBasicComponents.xcdatamodeld */,
			);
			path = GetirBasicComponents;
			sourceTree = "<group>";
		};
		D9C261232BAEE6D200E7785E /* Model */ = {
			isa = PBXGroup;
			children = (
				D9C261242BAEE6ED00E7785E /* City.swift */,
				D9C2612D2BAEF0B000E7785E /* News.swift */,
				D9BFD0F92BB00A590067585F /* User.swift */,
			);
			path = Model;
			sourceTree = "<group>";
		};
		D9C261262BAEE88600E7785E /* Cell */ = {
			isa = PBXGroup;
			children = (
				D9C261272BAEE8A300E7785E /* CityCellTableViewCell.swift */,
				D9C261282BAEE8A300E7785E /* CityCellTableViewCell.xib */,
				D9C2612B2BAEF04900E7785E /* NewsCell.swift */,
			);
			path = Cell;
			sourceTree = "<group>";
		};
		D9C2612F2BAEF0FE00E7785E /* Controller */ = {
			isa = PBXGroup;
			children = (
				D9C2610E2BAECB6400E7785E /* ViewController.swift */,
				D9C261212BAEE11800E7785E /* TableViewController.swift */,
				D9C261302BAEF12700E7785E /* NewsViewController.swift */,
			);
			path = Controller;
			sourceTree = "<group>";
		};
		D9C261322BAEF43700E7785E /* Delegate */ = {
			isa = PBXGroup;
			children = (
				D9C261332BAEF44A00E7785E /* ListenerViewController.swift */,
				D9C261352BAEF45A00E7785E /* SenderViewController.swift */,
			);
			path = Delegate;
			sourceTree = "<group>";
		};
		D9C261372BAEF71A00E7785E /* NotificationCenter */ = {
			isa = PBXGroup;
			children = (
				D9C261382BAEF7F100E7785E /* NotificationListenerVC.swift */,
				D9C2613A2BAEF7FF00E7785E /* NotificationSenderVC.swift */,
				D9C2613C2BAEF95800E7785E /* NotificationExtension.swift */,
			);
			path = NotificationCenter;
			sourceTree = "<group>";
		};
/* End PBXGroup section */

/* Begin PBXNativeTarget section */
		D9C261062BAECB6400E7785E /* GetirBasicComponents */ = {
			isa = PBXNativeTarget;
			buildConfigurationList = D9C2611E2BAECB6600E7785E /* Build configuration list for PBXNativeTarget "GetirBasicComponents" */;
			buildPhases = (
				D9C261032BAECB6400E7785E /* Sources */,
				D9C261042BAECB6400E7785E /* Frameworks */,
				D9C261052BAECB6400E7785E /* Resources */,
			);
			buildRules = (
			);
			dependencies = (
			);
			name = GetirBasicComponents;
			productName = GetirBasicComponents;
			productReference = D9C261072BAECB6400E7785E /* GetirBasicComponents.app */;
			productType = "com.apple.product-type.application";
		};
/* End PBXNativeTarget section */

/* Begin PBXProject section */
		D9C260FF2BAECB6400E7785E /* Project object */ = {
			isa = PBXProject;
			attributes = {
				BuildIndependentTargetsInParallel = 1;
				LastSwiftUpdateCheck = 1520;
				LastUpgradeCheck = 1520;
				TargetAttributes = {
					D9C261062BAECB6400E7785E = {
						CreatedOnToolsVersion = 15.2;
					};
				};
			};
			buildConfigurationList = D9C261022BAECB6400E7785E /* Build configuration list for PBXProject "GetirBasicComponents" */;
			compatibilityVersion = "Xcode 14.0";
			developmentRegion = en;
			hasScannedForEncodings = 0;
			knownRegions = (
				en,
				Base,
			);
			mainGroup = D9C260FE2BAECB6400E7785E;
			productRefGroup = D9C261082BAECB6400E7785E /* Products */;
			projectDirPath = "";
			projectRoot = "";
			targets = (
				D9C261062BAECB6400E7785E /* GetirBasicComponents */,
			);
		};
/* End PBXProject section */

/* Begin PBXResourcesBuildPhase section */
		D9C261052BAECB6400E7785E /* Resources */ = {
			isa = PBXResourcesBuildPhase;
			buildActionMask = 2147483647;
			files = (
				D9C2611A2BAECB6600E7785E /* LaunchScreen.storyboard in Resources */,
				D9C261172BAECB6600E7785E /* Assets.xcassets in Resources */,
				D9C2612A2BAEE8A300E7785E /* CityCellTableViewCell.xib in Resources */,
				D9C261122BAECB6400E7785E /* Main.storyboard in Resources */,
			);
			runOnlyForDeploymentPostprocessing = 0;
		};
/* End PBXResourcesBuildPhase section */

/* Begin PBXSourcesBuildPhase section */
		D9C261032BAECB6400E7785E /* Sources */ = {
			isa = PBXSourcesBuildPhase;
			buildActionMask = 2147483647;
			files = (
				D9BFD1032BB0193A0067585F /* WebViewController.swift in Sources */,
				D9C2613D2BAEF95800E7785E /* NotificationExtension.swift in Sources */,
				D9C261342BAEF44A00E7785E /* ListenerViewController.swift in Sources */,
				D9BFD1062BB01D720067585F /* MapViewController.swift in Sources */,
				D9C261362BAEF45A00E7785E /* SenderViewController.swift in Sources */,
				D9C261152BAECB6400E7785E /* GetirBasicComponents.xcdatamodeld in Sources */,
				D9BFD0FA2BB00A590067585F /* User.swift in Sources */,
				D9C261292BAEE8A300E7785E /* CityCellTableViewCell.swift in Sources */,
				D9C2610F2BAECB6400E7785E /* ViewController.swift in Sources */,
				D9C261392BAEF7F100E7785E /* NotificationListenerVC.swift in Sources */,
				D9BFD0FD2BB00B340067585F /* SearchBarViewController.swift in Sources */,
				D9C2613B2BAEF7FF00E7785E /* NotificationSenderVC.swift in Sources */,
				D9C261312BAEF12700E7785E /* NewsViewController.swift in Sources */,
				D9C2612E2BAEF0B000E7785E /* News.swift in Sources */,
				D9BFD1002BB0116E0067585F /* SearchViewController.swift in Sources */,
				D9C261252BAEE6ED00E7785E /* City.swift in Sources */,
				D9C2610B2BAECB6400E7785E /* AppDelegate.swift in Sources */,
				D9C261222BAEE11800E7785E /* TableViewController.swift in Sources */,
				D9BFD1092BB02AE20067585F /* TabBarController.swift in Sources */,
				D9C2612C2BAEF04900E7785E /* NewsCell.swift in Sources */,
				D9C2610D2BAECB6400E7785E /* SceneDelegate.swift in Sources */,
			);
			runOnlyForDeploymentPostprocessing = 0;
		};
/* End PBXSourcesBuildPhase section */

/* Begin PBXVariantGroup section */
		D9C261102BAECB6400E7785E /* Main.storyboard */ = {
			isa = PBXVariantGroup;
			children = (
				D9C261112BAECB6400E7785E /* Base */,
			);
			name = Main.storyboard;
			sourceTree = "<group>";
		};
		D9C261182BAECB6600E7785E /* LaunchScreen.storyboard */ = {
			isa = PBXVariantGroup;
			children = (
				D9C261192BAECB6600E7785E /* Base */,
			);
			name = LaunchScreen.storyboard;
			sourceTree = "<group>";
		};
/* End PBXVariantGroup section */

/* Begin XCBuildConfiguration section */
		D9C2611C2BAECB6600E7785E /* Debug */ = {
			isa = XCBuildConfiguration;
			buildSettings = {
				ALWAYS_SEARCH_USER_PATHS = NO;
				ASSETCATALOG_COMPILER_GENERATE_SWIFT_ASSET_SYMBOL_EXTENSIONS = YES;
				CLANG_ANALYZER_NONNULL = YES;
				CLANG_ANALYZER_NUMBER_OBJECT_CONVERSION = YES_AGGRESSIVE;
				CLANG_CXX_LANGUAGE_STANDARD = "gnu++20";
				CLANG_ENABLE_MODULES = YES;
				CLANG_ENABLE_OBJC_ARC = YES;
				CLANG_ENABLE_OBJC_WEAK = YES;
				CLANG_WARN_BLOCK_CAPTURE_AUTORELEASING = YES;
				CLANG_WARN_BOOL_CONVERSION = YES;
				CLANG_WARN_COMMA = YES;
				CLANG_WARN_CONSTANT_CONVERSION = YES;
				CLANG_WARN_DEPRECATED_OBJC_IMPLEMENTATIONS = YES;
				CLANG_WARN_DIRECT_OBJC_ISA_USAGE = YES_ERROR;
				CLANG_WARN_DOCUMENTATION_COMMENTS = YES;
				CLANG_WARN_EMPTY_BODY = YES;
				CLANG_WARN_ENUM_CONVERSION = YES;
				CLANG_WARN_INFINITE_RECURSION = YES;
				CLANG_WARN_INT_CONVERSION = YES;
				CLANG_WARN_NON_LITERAL_NULL_CONVERSION = YES;
				CLANG_WARN_OBJC_IMPLICIT_RETAIN_SELF = YES;
				CLANG_WARN_OBJC_LITERAL_CONVERSION = YES;
				CLANG_WARN_OBJC_ROOT_CLASS = YES_ERROR;
				CLANG_WARN_QUOTED_INCLUDE_IN_FRAMEWORK_HEADER = YES;
				CLANG_WARN_RANGE_LOOP_ANALYSIS = YES;
				CLANG_WARN_STRICT_PROTOTYPES = YES;
				CLANG_WARN_SUSPICIOUS_MOVE = YES;
				CLANG_WARN_UNGUARDED_AVAILABILITY = YES_AGGRESSIVE;
				CLANG_WARN_UNREACHABLE_CODE = YES;
				CLANG_WARN__DUPLICATE_METHOD_MATCH = YES;
				COPY_PHASE_STRIP = NO;
				DEBUG_INFORMATION_FORMAT = dwarf;
				ENABLE_STRICT_OBJC_MSGSEND = YES;
				ENABLE_TESTABILITY = YES;
				ENABLE_USER_SCRIPT_SANDBOXING = YES;
				GCC_C_LANGUAGE_STANDARD = gnu17;
				GCC_DYNAMIC_NO_PIC = NO;
				GCC_NO_COMMON_BLOCKS = YES;
				GCC_OPTIMIZATION_LEVEL = 0;
				GCC_PREPROCESSOR_DEFINITIONS = (
					"DEBUG=1",
					"$(inherited)",
				);
				GCC_WARN_64_TO_32_BIT_CONVERSION = YES;
				GCC_WARN_ABOUT_RETURN_TYPE = YES_ERROR;
				GCC_WARN_UNDECLARED_SELECTOR = YES;
				GCC_WARN_UNINITIALIZED_AUTOS = YES_AGGRESSIVE;
				GCC_WARN_UNUSED_FUNCTION = YES;
				GCC_WARN_UNUSED_VARIABLE = YES;
				IPHONEOS_DEPLOYMENT_TARGET = 17.2;
				LOCALIZATION_PREFERS_STRING_CATALOGS = YES;
				MTL_ENABLE_DEBUG_INFO = INCLUDE_SOURCE;
				MTL_FAST_MATH = YES;
				ONLY_ACTIVE_ARCH = YES;
				SDKROOT = iphoneos;
				SWIFT_ACTIVE_COMPILATION_CONDITIONS = "DEBUG $(inherited)";
				SWIFT_OPTIMIZATION_LEVEL = "-Onone";
			};
			name = Debug;
		};
		D9C2611D2BAECB6600E7785E /* Release */ = {
			isa = XCBuildConfiguration;
			buildSettings = {
				ALWAYS_SEARCH_USER_PATHS = NO;
				ASSETCATALOG_COMPILER_GENERATE_SWIFT_ASSET_SYMBOL_EXTENSIONS = YES;
				CLANG_ANALYZER_NONNULL = YES;
				CLANG_ANALYZER_NUMBER_OBJECT_CONVERSION = YES_AGGRESSIVE;
				CLANG_CXX_LANGUAGE_STANDARD = "gnu++20";
				CLANG_ENABLE_MODULES = YES;
				CLANG_ENABLE_OBJC_ARC = YES;
				CLANG_ENABLE_OBJC_WEAK = YES;
				CLANG_WARN_BLOCK_CAPTURE_AUTORELEASING = YES;
				CLANG_WARN_BOOL_CONVERSION = YES;
				CLANG_WARN_COMMA = YES;
				CLANG_WARN_CONSTANT_CONVERSION = YES;
				CLANG_WARN_DEPRECATED_OBJC_IMPLEMENTATIONS = YES;
				CLANG_WARN_DIRECT_OBJC_ISA_USAGE = YES_ERROR;
				CLANG_WARN_DOCUMENTATION_COMMENTS = YES;
				CLANG_WARN_EMPTY_BODY = YES;
				CLANG_WARN_ENUM_CONVERSION = YES;
				CLANG_WARN_INFINITE_RECURSION = YES;
				CLANG_WARN_INT_CONVERSION = YES;
				CLANG_WARN_NON_LITERAL_NULL_CONVERSION = YES;
				CLANG_WARN_OBJC_IMPLICIT_RETAIN_SELF = YES;
				CLANG_WARN_OBJC_LITERAL_CONVERSION = YES;
				CLANG_WARN_OBJC_ROOT_CLASS = YES_ERROR;
				CLANG_WARN_QUOTED_INCLUDE_IN_FRAMEWORK_HEADER = YES;
				CLANG_WARN_RANGE_LOOP_ANALYSIS = YES;
				CLANG_WARN_STRICT_PROTOTYPES = YES;
				CLANG_WARN_SUSPICIOUS_MOVE = YES;
				CLANG_WARN_UNGUARDED_AVAILABILITY = YES_AGGRESSIVE;
				CLANG_WARN_UNREACHABLE_CODE = YES;
				CLANG_WARN__DUPLICATE_METHOD_MATCH = YES;
				COPY_PHASE_STRIP = NO;
				DEBUG_INFORMATION_FORMAT = "dwarf-with-dsym";
				ENABLE_NS_ASSERTIONS = NO;
				ENABLE_STRICT_OBJC_MSGSEND = YES;
				ENABLE_USER_SCRIPT_SANDBOXING = YES;
				GCC_C_LANGUAGE_STANDARD = gnu17;
				GCC_NO_COMMON_BLOCKS = YES;
				GCC_WARN_64_TO_32_BIT_CONVERSION = YES;
				GCC_WARN_ABOUT_RETURN_TYPE = YES_ERROR;
				GCC_WARN_UNDECLARED_SELECTOR = YES;
				GCC_WARN_UNINITIALIZED_AUTOS = YES_AGGRESSIVE;
				GCC_WARN_UNUSED_FUNCTION = YES;
				GCC_WARN_UNUSED_VARIABLE = YES;
				IPHONEOS_DEPLOYMENT_TARGET = 17.2;
				LOCALIZATION_PREFERS_STRING_CATALOGS = YES;
				MTL_ENABLE_DEBUG_INFO = NO;
				MTL_FAST_MATH = YES;
				SDKROOT = iphoneos;
				SWIFT_COMPILATION_MODE = wholemodule;
				VALIDATE_PRODUCT = YES;
			};
			name = Release;
		};
		D9C2611F2BAECB6600E7785E /* Debug */ = {
			isa = XCBuildConfiguration;
			buildSettings = {
				ASSETCATALOG_COMPILER_APPICON_NAME = AppIcon;
				ASSETCATALOG_COMPILER_GLOBAL_ACCENT_COLOR_NAME = AccentColor;
				CODE_SIGN_STYLE = Automatic;
				CURRENT_PROJECT_VERSION = 1;
				DEVELOPMENT_TEAM = A286VNTT4V;
				GENERATE_INFOPLIST_FILE = YES;
				INFOPLIST_FILE = GetirBasicComponents/Info.plist;
				INFOPLIST_KEY_NSLocationWhenInUseUsageDescription = "Konumunuza ihtiyacim var";
				INFOPLIST_KEY_UIApplicationSupportsIndirectInputEvents = YES;
				INFOPLIST_KEY_UILaunchStoryboardName = LaunchScreen;
				INFOPLIST_KEY_UIMainStoryboardFile = Main;
				INFOPLIST_KEY_UISupportedInterfaceOrientations_iPad = "UIInterfaceOrientationPortrait UIInterfaceOrientationPortraitUpsideDown UIInterfaceOrientationLandscapeLeft UIInterfaceOrientationLandscapeRight";
				INFOPLIST_KEY_UISupportedInterfaceOrientations_iPhone = "UIInterfaceOrientationPortrait UIInterfaceOrientationLandscapeLeft UIInterfaceOrientationLandscapeRight";
				IPHONEOS_DEPLOYMENT_TARGET = 14.0;
				LD_RUNPATH_SEARCH_PATHS = (
					"$(inherited)",
					"@executable_path/Frameworks",
				);
				MARKETING_VERSION = 1.0;
				PRODUCT_BUNDLE_IDENTIFIER = com.muhammetguler.GetirBasicComponents;
				PRODUCT_NAME = "$(TARGET_NAME)";
				SWIFT_EMIT_LOC_STRINGS = YES;
				SWIFT_VERSION = 5.0;
				TARGETED_DEVICE_FAMILY = "1,2";
			};
			name = Debug;
		};
		D9C261202BAECB6600E7785E /* Release */ = {
			isa = XCBuildConfiguration;
			buildSettings = {
				ASSETCATALOG_COMPILER_APPICON_NAME = AppIcon;
				ASSETCATALOG_COMPILER_GLOBAL_ACCENT_COLOR_NAME = AccentColor;
				CODE_SIGN_STYLE = Automatic;
				CURRENT_PROJECT_VERSION = 1;
				DEVELOPMENT_TEAM = A286VNTT4V;
				GENERATE_INFOPLIST_FILE = YES;
				INFOPLIST_FILE = GetirBasicComponents/Info.plist;
				INFOPLIST_KEY_NSLocationWhenInUseUsageDescription = "Konumunuza ihtiyacim var";
				INFOPLIST_KEY_UIApplicationSupportsIndirectInputEvents = YES;
				INFOPLIST_KEY_UILaunchStoryboardName = LaunchScreen;
				INFOPLIST_KEY_UIMainStoryboardFile = Main;
				INFOPLIST_KEY_UISupportedInterfaceOrientations_iPad = "UIInterfaceOrientationPortrait UIInterfaceOrientationPortraitUpsideDown UIInterfaceOrientationLandscapeLeft UIInterfaceOrientationLandscapeRight";
				INFOPLIST_KEY_UISupportedInterfaceOrientations_iPhone = "UIInterfaceOrientationPortrait UIInterfaceOrientationLandscapeLeft UIInterfaceOrientationLandscapeRight";
				IPHONEOS_DEPLOYMENT_TARGET = 14.0;
				LD_RUNPATH_SEARCH_PATHS = (
					"$(inherited)",
					"@executable_path/Frameworks",
				);
				MARKETING_VERSION = 1.0;
				PRODUCT_BUNDLE_IDENTIFIER = com.muhammetguler.GetirBasicComponents;
				PRODUCT_NAME = "$(TARGET_NAME)";
				SWIFT_EMIT_LOC_STRINGS = YES;
				SWIFT_VERSION = 5.0;
				TARGETED_DEVICE_FAMILY = "1,2";
			};
			name = Release;
		};
/* End XCBuildConfiguration section */

/* Begin XCConfigurationList section */
		D9C261022BAECB6400E7785E /* Build configuration list for PBXProject "GetirBasicComponents" */ = {
			isa = XCConfigurationList;
			buildConfigurations = (
				D9C2611C2BAECB6600E7785E /* Debug */,
				D9C2611D2BAECB6600E7785E /* Release */,
			);
			defaultConfigurationIsVisible = 0;
			defaultConfigurationName = Release;
		};
		D9C2611E2BAECB6600E7785E /* Build configuration list for PBXNativeTarget "GetirBasicComponents" */ = {
			isa = XCConfigurationList;
			buildConfigurations = (
				D9C2611F2BAECB6600E7785E /* Debug */,
				D9C261202BAECB6600E7785E /* Release */,
			);
			defaultConfigurationIsVisible = 0;
			defaultConfigurationName = Release;
		};
/* End XCConfigurationList section */

/* Begin XCVersionGroup section */
		D9C261132BAECB6400E7785E /* GetirBasicComponents.xcdatamodeld */ = {
			isa = XCVersionGroup;
			children = (
				D9C261142BAECB6400E7785E /* GetirBasicComponents.xcdatamodel */,
			);
			currentVersion = D9C261142BAECB6400E7785E /* GetirBasicComponents.xcdatamodel */;
			path = GetirBasicComponents.xcdatamodeld;
			sourceTree = "<group>";
			versionGroupType = wrapper.xcdatamodel;
		};
/* End XCVersionGroup section */
	};
	rootObject = D9C260FF2BAECB6400E7785E /* Project object */;
}
